
Microsoft Visual Studio Solution File, Format Version 12.00
# Visual Studio 15
VisualStudioVersion = 15.0.28307.757
MinimumVisualStudioVersion = 10.0.40219.1
Project("{8BC9CEB8-8B4A-11D0-8D11-00A0C91BC942}") = "CardGame", "CardGame\CardGame.vcxproj", "{BB899F28-A8D4-40D2-AB69-F69D6B78C4B3}"
EndProject
Global
	GlobalSection(SolutionConfigurationPlatforms) = preSolution
		Debug|x64 = Debug|x64
		Debug|x86 = Debug|x86
		Release|x64 = Release|x64
		Release|x86 = Release|x86
	EndGlobalSection
	GlobalSection(ProjectConfigurationPlatforms) = postSolution
		{BB899F28-A8D4-40D2-AB69-F69D6B78C4B3}.Debug|x64.ActiveCfg = Debug|x64
		{BB899F28-A8D4-40D2-AB69-F69D6B78C4B3}.Debug|x64.Build.0 = Debug|x64
		{BB899F28-A8D4-40D2-AB69-F69D6B78C4B3}.Debug|x86.ActiveCfg = Debug|Win32
		{BB899F28-A8D4-40D2-AB69-F69D6B78C4B3}.Debug|x86.Build.0 = Debug|Win32
		{BB899F28-A8D4-40D2-AB69-F69D6B78C4B3}.Release|x64.ActiveCfg = Release|x64
		{BB899F28-A8D4-40D2-AB69-F69D6B78C4B3}.Release|x64.Build.0 = Release|x64
		{BB899F28-A8D4-40D2-AB69-F69D6B78C4B3}.Release|x86.ActiveCfg = Release|Win32
		{BB899F28-A8D4-40D2-AB69-F69D6B78C4B3}.Release|x86.Build.0 = Release|Win32
	EndGlobalSection
	GlobalSection(SolutionProperties) = preSolution
		HideSolutionNode = FALSE
	EndGlobalSection
	GlobalSection(ExtensibilityGlobals) = postSolution
		SolutionGuid = {6A1C800B-F0DA-4D36-8780-76171C176431}
	EndGlobalSection
EndGlobal
